// !$*UTF8*$!
{
	archiveVersion = 1;
	classes = {
	};
	objectVersion = 56;
	objects = {

/* Begin PBXBuildFile section */
		3F90085428925F9800CB6DD6 /* ViewModel.swift in Sources */ = {isa = PBXBuildFile; fileRef = 3F90085328925F9800CB6DD6 /* ViewModel.swift */; };
		3FB5BB262890DFE5009D685F /* ClipboardManager.swift in Sources */ = {isa = PBXBuildFile; fileRef = 3FB5BB252890DFE5009D685F /* ClipboardManager.swift */; };
		3FB5BB282890FD62009D685F /* PasteboardCategory.swift in Sources */ = {isa = PBXBuildFile; fileRef = 3FB5BB272890FD62009D685F /* PasteboardCategory.swift */; };
		3FB5BB2A289124A9009D685F /* PasteboardContent.swift in Sources */ = {isa = PBXBuildFile; fileRef = 3FB5BB29289124A9009D685F /* PasteboardContent.swift */; };
		3FB5BB2C28916D43009D685F /* PasteboardView.swift in Sources */ = {isa = PBXBuildFile; fileRef = 3FB5BB2B28916D43009D685F /* PasteboardView.swift */; };
		3FC257312887D9230034E30C /* AppDelegate.swift in Sources */ = {isa = PBXBuildFile; fileRef = 3FC257302887D9230034E30C /* AppDelegate.swift */; };
		3FC257332887D9230034E30C /* ContentView.swift in Sources */ = {isa = PBXBuildFile; fileRef = 3FC257322887D9230034E30C /* ContentView.swift */; };
		3FC257352887D9250034E30C /* Assets.xcassets in Resources */ = {isa = PBXBuildFile; fileRef = 3FC257342887D9250034E30C /* Assets.xcassets */; };
		3FC257382887D9250034E30C /* Preview Assets.xcassets in Resources */ = {isa = PBXBuildFile; fileRef = 3FC257372887D9250034E30C /* Preview Assets.xcassets */; };
		3FC2574628884ADB0034E30C /* main.swift in Sources */ = {isa = PBXBuildFile; fileRef = 3FC2574528884ADB0034E30C /* main.swift */; };
/* End PBXBuildFile section */

/* Begin PBXFileReference section */
		3F90085328925F9800CB6DD6 /* ViewModel.swift */ = {isa = PBXFileReference; lastKnownFileType = sourcecode.swift; path = ViewModel.swift; sourceTree = "<group>"; };
		3FB5BB252890DFE5009D685F /* ClipboardManager.swift */ = {isa = PBXFileReference; lastKnownFileType = sourcecode.swift; path = ClipboardManager.swift; sourceTree = "<group>"; };
		3FB5BB272890FD62009D685F /* PasteboardCategory.swift */ = {isa = PBXFileReference; lastKnownFileType = sourcecode.swift; path = PasteboardCategory.swift; sourceTree = "<group>"; };
		3FB5BB29289124A9009D685F /* PasteboardContent.swift */ = {isa = PBXFileReference; lastKnownFileType = sourcecode.swift; path = PasteboardContent.swift; sourceTree = "<group>"; };
		3FB5BB2B28916D43009D685F /* PasteboardView.swift */ = {isa = PBXFileReference; lastKnownFileType = sourcecode.swift; path = PasteboardView.swift; sourceTree = "<group>"; };
		3FC2572D2887D9230034E30C /* ketchup.app */ = {isa = PBXFileReference; explicitFileType = wrapper.application; includeInIndex = 0; path = ketchup.app; sourceTree = BUILT_PRODUCTS_DIR; };
		3FC257302887D9230034E30C /* AppDelegate.swift */ = {isa = PBXFileReference; lastKnownFileType = sourcecode.swift; path = AppDelegate.swift; sourceTree = "<group>"; };
		3FC257322887D9230034E30C /* ContentView.swift */ = {isa = PBXFileReference; lastKnownFileType = sourcecode.swift; path = ContentView.swift; sourceTree = "<group>"; };
		3FC257342887D9250034E30C /* Assets.xcassets */ = {isa = PBXFileReference; lastKnownFileType = folder.assetcatalog; path = Assets.xcassets; sourceTree = "<group>"; };
		3FC257372887D9250034E30C /* Preview Assets.xcassets */ = {isa = PBXFileReference; lastKnownFileType = folder.assetcatalog; path = "Preview Assets.xcassets"; sourceTree = "<group>"; };
		3FC25744288836A60034E30C /* Info.plist */ = {isa = PBXFileReference; lastKnownFileType = text.plist; path = Info.plist; sourceTree = "<group>"; };
		3FC2574528884ADB0034E30C /* main.swift */ = {isa = PBXFileReference; lastKnownFileType = sourcecode.swift; path = main.swift; sourceTree = "<group>"; };
/* End PBXFileReference section */

/* Begin PBXFrameworksBuildPhase section */
		3FC2572A2887D9230034E30C /* Frameworks */ = {
			isa = PBXFrameworksBuildPhase;
			buildActionMask = 2147483647;
			files = (
			);
			runOnlyForDeploymentPostprocessing = 0;
		};
/* End PBXFrameworksBuildPhase section */

/* Begin PBXGroup section */
		3FC257242887D9230034E30C = {
			isa = PBXGroup;
			children = (
				3FC2572F2887D9230034E30C /* ketchup */,
				3FC2572E2887D9230034E30C /* Products */,
			);
			sourceTree = "<group>";
		};
		3FC2572E2887D9230034E30C /* Products */ = {
			isa = PBXGroup;
			children = (
				3FC2572D2887D9230034E30C /* ketchup.app */,
			);
			name = Products;
			sourceTree = "<group>";
		};
		3FC2572F2887D9230034E30C /* ketchup */ = {
			isa = PBXGroup;
			children = (
				3FC25744288836A60034E30C /* Info.plist */,
				3FB5BB252890DFE5009D685F /* ClipboardManager.swift */,
				3FC2574528884ADB0034E30C /* main.swift */,
				3FC257302887D9230034E30C /* AppDelegate.swift */,
				3F90085328925F9800CB6DD6 /* ViewModel.swift */,
				3FC257322887D9230034E30C /* ContentView.swift */,
				3FC257342887D9250034E30C /* Assets.xcassets */,
				3FC257362887D9250034E30C /* Preview Content */,
				3FB5BB272890FD62009D685F /* PasteboardCategory.swift */,
				3FB5BB29289124A9009D685F /* PasteboardContent.swift */,
				3FB5BB2B28916D43009D685F /* PasteboardView.swift */,
			);
			path = ketchup;
			sourceTree = "<group>";
		};
		3FC257362887D9250034E30C /* Preview Content */ = {
			isa = PBXGroup;
			children = (
				3FC257372887D9250034E30C /* Preview Assets.xcassets */,
			);
			path = "Preview Content";
			sourceTree = "<group>";
		};
/* End PBXGroup section */

/* Begin PBXNativeTarget section */
		3FC2572C2887D9230034E30C /* ketchup */ = {
			isa = PBXNativeTarget;
			buildConfigurationList = 3FC2573B2887D9250034E30C /* Build configuration list for PBXNativeTarget "ketchup" */;
			buildPhases = (
				3FC257292887D9230034E30C /* Sources */,
				3FC2572A2887D9230034E30C /* Frameworks */,
				3FC2572B2887D9230034E30C /* Resources */,
			);
			buildRules = (
			);
			dependencies = (
			);
			name = ketchup;
			productName = ketchup;
			productReference = 3FC2572D2887D9230034E30C /* ketchup.app */;
			productType = "com.apple.product-type.application";
		};
/* End PBXNativeTarget section */

/* Begin PBXProject section */
		3FC257252887D9230034E30C /* Project object */ = {
			isa = PBXProject;
			attributes = {
				BuildIndependentTargetsInParallel = 1;
				LastSwiftUpdateCheck = 1400;
				LastUpgradeCheck = 1400;
				TargetAttributes = {
					3FC2572C2887D9230034E30C = {
						CreatedOnToolsVersion = 14.0;
					};
				};
			};
			buildConfigurationList = 3FC257282887D9230034E30C /* Build configuration list for PBXProject "ketchup" */;
			compatibilityVersion = "Xcode 14.0";
			developmentRegion = en;
			hasScannedForEncodings = 0;
			knownRegions = (
				en,
				Base,
			);
			mainGroup = 3FC257242887D9230034E30C;
			packageReferences = (
			);
			productRefGroup = 3FC2572E2887D9230034E30C /* Products */;
			projectDirPath = "";
			projectRoot = "";
			targets = (
				3FC2572C2887D9230034E30C /* ketchup */,
			);
		};
/* End PBXProject section */

/* Begin PBXResourcesBuildPhase section */
		3FC2572B2887D9230034E30C /* Resources */ = {
			isa = PBXResourcesBuildPhase;
			buildActionMask = 2147483647;
			files = (
				3FC257382887D9250034E30C /* Preview Assets.xcassets in Resources */,
				3FC257352887D9250034E30C /* Assets.xcassets in Resources */,
			);
			runOnlyForDeploymentPostprocessing = 0;
		};
/* End PBXResourcesBuildPhase section */

/* Begin PBXSourcesBuildPhase section */
		3FC257292887D9230034E30C /* Sources */ = {
			isa = PBXSourcesBuildPhase;
			buildActionMask = 2147483647;
			files = (
				3FB5BB2A289124A9009D685F /* PasteboardContent.swift in Sources */,
				3FB5BB262890DFE5009D685F /* ClipboardManager.swift in Sources */,
				3FB5BB2C28916D43009D685F /* PasteboardView.swift in Sources */,
				3FC257332887D9230034E30C /* ContentView.swift in Sources */,
				3FC2574628884ADB0034E30C /* main.swift in Sources */,
				3FC257312887D9230034E30C /* AppDelegate.swift in Sources */,
				3F90085428925F9800CB6DD6 /* ViewModel.swift in Sources */,
				3FB5BB282890FD62009D685F /* PasteboardCategory.swift in Sources */,
			);
			runOnlyForDeploymentPostprocessing = 0;
		};
/* End PBXSourcesBuildPhase section */

/* Begin XCBuildConfiguration section */
		3FC257392887D9250034E30C /* Debug */ = {
			isa = XCBuildConfiguration;
			buildSettings = {
				ALWAYS_SEARCH_USER_PATHS = NO;
				CLANG_ANALYZER_NONNULL = YES;
				CLANG_ANALYZER_NUMBER_OBJECT_CONVERSION = YES_AGGRESSIVE;
				CLANG_CXX_LANGUAGE_STANDARD = "gnu++20";
				CLANG_ENABLE_MODULES = YES;
				CLANG_ENABLE_OBJC_ARC = YES;
				CLANG_ENABLE_OBJC_WEAK = YES;
				CLANG_WARN_BLOCK_CAPTURE_AUTORELEASING = YES;
				CLANG_WARN_BOOL_CONVERSION = YES;
				CLANG_WARN_COMMA = YES;
				CLANG_WARN_CONSTANT_CONVERSION = YES;
				CLANG_WARN_DEPRECATED_OBJC_IMPLEMENTATIONS = YES;
				CLANG_WARN_DIRECT_OBJC_ISA_USAGE = YES_ERROR;
				CLANG_WARN_DOCUMENTATION_COMMENTS = YES;
				CLANG_WARN_EMPTY_BODY = YES;
				CLANG_WARN_ENUM_CONVERSION = YES;
				CLANG_WARN_INFINITE_RECURSION = YES;
				CLANG_WARN_INT_CONVERSION = YES;
				CLANG_WARN_NON_LITERAL_NULL_CONVERSION = YES;
				CLANG_WARN_OBJC_IMPLICIT_RETAIN_SELF = YES;
				CLANG_WARN_OBJC_LITERAL_CONVERSION = YES;
				CLANG_WARN_OBJC_ROOT_CLASS = YES_ERROR;
				CLANG_WARN_QUOTED_INCLUDE_IN_FRAMEWORK_HEADER = YES;
				CLANG_WARN_RANGE_LOOP_ANALYSIS = YES;
				CLANG_WARN_STRICT_PROTOTYPES = YES;
				CLANG_WARN_SUSPICIOUS_MOVE = YES;
				CLANG_WARN_UNGUARDED_AVAILABILITY = YES_AGGRESSIVE;
				CLANG_WARN_UNREACHABLE_CODE = YES;
				CLANG_WARN__DUPLICATE_METHOD_MATCH = YES;
				COPY_PHASE_STRIP = NO;
				DEBUG_INFORMATION_FORMAT = dwarf;
				ENABLE_STRICT_OBJC_MSGSEND = YES;
				ENABLE_TESTABILITY = YES;
				GCC_C_LANGUAGE_STANDARD = gnu11;
				GCC_DYNAMIC_NO_PIC = NO;
				GCC_NO_COMMON_BLOCKS = YES;
				GCC_OPTIMIZATION_LEVEL = 0;
				GCC_PREPROCESSOR_DEFINITIONS = (
					"DEBUG=1",
					"$(inherited)",
				);
				GCC_WARN_64_TO_32_BIT_CONVERSION = YES;
				GCC_WARN_ABOUT_RETURN_TYPE = YES_ERROR;
				GCC_WARN_UNDECLARED_SELECTOR = YES;
				GCC_WARN_UNINITIALIZED_AUTOS = YES_AGGRESSIVE;
				GCC_WARN_UNUSED_FUNCTION = YES;
				GCC_WARN_UNUSED_VARIABLE = YES;
				IPHONEOS_DEPLOYMENT_TARGET = 16.0;
				MTL_ENABLE_DEBUG_INFO = INCLUDE_SOURCE;
				MTL_FAST_MATH = YES;
				ONLY_ACTIVE_ARCH = YES;
				SDKROOT = iphoneos;
				SWIFT_ACTIVE_COMPILATION_CONDITIONS = DEBUG;
				SWIFT_OPTIMIZATION_LEVEL = "-Onone";
			};
			name = Debug;
		};
		3FC2573A2887D9250034E30C /* Release */ = {
			isa = XCBuildConfiguration;
			buildSettings = {
				ALWAYS_SEARCH_USER_PATHS = NO;
				CLANG_ANALYZER_NONNULL = YES;
				CLANG_ANALYZER_NUMBER_OBJECT_CONVERSION = YES_AGGRESSIVE;
				CLANG_CXX_LANGUAGE_STANDARD = "gnu++20";
				CLANG_ENABLE_MODULES = YES;
				CLANG_ENABLE_OBJC_ARC = YES;
				CLANG_ENABLE_OBJC_WEAK = YES;
				CLANG_WARN_BLOCK_CAPTURE_AUTORELEASING = YES;
				CLANG_WARN_BOOL_CONVERSION = YES;
				CLANG_WARN_COMMA = YES;
				CLANG_WARN_CONSTANT_CONVERSION = YES;
				CLANG_WARN_DEPRECATED_OBJC_IMPLEMENTATIONS = YES;
				CLANG_WARN_DIRECT_OBJC_ISA_USAGE = YES_ERROR;
				CLANG_WARN_DOCUMENTATION_COMMENTS = YES;
				CLANG_WARN_EMPTY_BODY = YES;
				CLANG_WARN_ENUM_CONVERSION = YES;
				CLANG_WARN_INFINITE_RECURSION = YES;
				CLANG_WARN_INT_CONVERSION = YES;
				CLANG_WARN_NON_LITERAL_NULL_CONVERSION = YES;
				CLANG_WARN_OBJC_IMPLICIT_RETAIN_SELF = YES;
				CLANG_WARN_OBJC_LITERAL_CONVERSION = YES;
				CLANG_WARN_OBJC_ROOT_CLASS = YES_ERROR;
				CLANG_WARN_QUOTED_INCLUDE_IN_FRAMEWORK_HEADER = YES;
				CLANG_WARN_RANGE_LOOP_ANALYSIS = YES;
				CLANG_WARN_STRICT_PROTOTYPES = YES;
				CLANG_WARN_SUSPICIOUS_MOVE = YES;
				CLANG_WARN_UNGUARDED_AVAILABILITY = YES_AGGRESSIVE;
				CLANG_WARN_UNREACHABLE_CODE = YES;
				CLANG_WARN__DUPLICATE_METHOD_MATCH = YES;
				COPY_PHASE_STRIP = NO;
				DEBUG_INFORMATION_FORMAT = "dwarf-with-dsym";
				ENABLE_NS_ASSERTIONS = NO;
				ENABLE_STRICT_OBJC_MSGSEND = YES;
				GCC_C_LANGUAGE_STANDARD = gnu11;
				GCC_NO_COMMON_BLOCKS = YES;
				GCC_WARN_64_TO_32_BIT_CONVERSION = YES;
				GCC_WARN_ABOUT_RETURN_TYPE = YES_ERROR;
				GCC_WARN_UNDECLARED_SELECTOR = YES;
				GCC_WARN_UNINITIALIZED_AUTOS = YES_AGGRESSIVE;
				GCC_WARN_UNUSED_FUNCTION = YES;
				GCC_WARN_UNUSED_VARIABLE = YES;
				IPHONEOS_DEPLOYMENT_TARGET = 16.0;
				MTL_ENABLE_DEBUG_INFO = NO;
				MTL_FAST_MATH = YES;
				SDKROOT = iphoneos;
				SWIFT_COMPILATION_MODE = wholemodule;
				SWIFT_OPTIMIZATION_LEVEL = "-O";
				VALIDATE_PRODUCT = YES;
			};
			name = Release;
		};
		3FC2573C2887D9250034E30C /* Debug */ = {
			isa = XCBuildConfiguration;
			buildSettings = {
				ASSETCATALOG_COMPILER_APPICON_NAME = AppIcon;
				ASSETCATALOG_COMPILER_GLOBAL_ACCENT_COLOR_NAME = AccentColor;
				CODE_SIGN_STYLE = Automatic;
				CURRENT_PROJECT_VERSION = 1;
				DEVELOPMENT_ASSET_PATHS = "\"ketchup/Preview Content\"";
				DEVELOPMENT_TEAM = 435LRWY56J;
				ENABLE_PREVIEWS = YES;
				GENERATE_INFOPLIST_FILE = YES;
				INFOPLIST_FILE = ketchup/Info.plist;
				INFOPLIST_KEY_CFBundleDisplayName = Ketchup;
				INFOPLIST_KEY_LSApplicationCategoryType = "public.app-category.productivity";
				INFOPLIST_KEY_UIApplicationSceneManifest_Generation = YES;
				INFOPLIST_KEY_UIApplicationSupportsIndirectInputEvents = YES;
				INFOPLIST_KEY_UILaunchScreen_Generation = YES;
				INFOPLIST_KEY_UISupportedInterfaceOrientations_iPad = "UIInterfaceOrientationPortrait UIInterfaceOrientationPortraitUpsideDown UIInterfaceOrientationLandscapeLeft UIInterfaceOrientationLandscapeRight";
				INFOPLIST_KEY_UISupportedInterfaceOrientations_iPhone = "UIInterfaceOrientationPortrait UIInterfaceOrientationLandscapeLeft UIInterfaceOrientationLandscapeRight";
				LD_RUNPATH_SEARCH_PATHS = (
					"$(inherited)",
					"@executable_path/Frameworks",
				);
				MACOSX_DEPLOYMENT_TARGET = 12.0;
				MARKETING_VERSION = 1.0;
				PRODUCT_BUNDLE_IDENTIFIER = com.ramdan.ketchup;
				PRODUCT_NAME = "$(TARGET_NAME)";
				SUPPORTED_PLATFORMS = macosx;
				SUPPORTS_MACCATALYST = NO;
				SUPPORTS_MAC_DESIGNED_FOR_IPHONE_IPAD = NO;
				SWIFT_EMIT_LOC_STRINGS = YES;
				SWIFT_VERSION = 5.0;
			};
			name = Debug;
		};
		3FC2573D2887D9250034E30C /* Release */ = {
			isa = XCBuildConfiguration;
			buildSettings = {
				ASSETCATALOG_COMPILER_APPICON_NAME = AppIcon;
				ASSETCATALOG_COMPILER_GLOBAL_ACCENT_COLOR_NAME = AccentColor;
				CODE_SIGN_STYLE = Automatic;
				CURRENT_PROJECT_VERSION = 1;
				DEVELOPMENT_ASSET_PATHS = "\"ketchup/Preview Content\"";
				DEVELOPMENT_TEAM = 435LRWY56J;
				ENABLE_PREVIEWS = YES;
				GENERATE_INFOPLIST_FILE = YES;
				INFOPLIST_FILE = ketchup/Info.plist;
				INFOPLIST_KEY_CFBundleDisplayName = Ketchup;
				INFOPLIST_KEY_LSApplicationCategoryType = "public.app-category.productivity";
				INFOPLIST_KEY_UIApplicationSceneManifest_Generation = YES;
				INFOPLIST_KEY_UIApplicationSupportsIndirectInputEvents = YES;
				INFOPLIST_KEY_UILaunchScreen_Generation = YES;
				INFOPLIST_KEY_UISupportedInterfaceOrientations_iPad = "UIInterfaceOrientationPortrait UIInterfaceOrientationPortraitUpsideDown UIInterfaceOrientationLandscapeLeft UIInterfaceOrientationLandscapeRight";
				INFOPLIST_KEY_UISupportedInterfaceOrientations_iPhone = "UIInterfaceOrientationPortrait UIInterfaceOrientationLandscapeLeft UIInterfaceOrientationLandscapeRight";
				LD_RUNPATH_SEARCH_PATHS = (
					"$(inherited)",
					"@executable_path/Frameworks",
				);
				MACOSX_DEPLOYMENT_TARGET = 12.0;
				MARKETING_VERSION = 1.0;
				PRODUCT_BUNDLE_IDENTIFIER = com.ramdan.ketchup;
				PRODUCT_NAME = "$(TARGET_NAME)";
				SUPPORTED_PLATFORMS = macosx;
				SUPPORTS_MACCATALYST = NO;
				SUPPORTS_MAC_DESIGNED_FOR_IPHONE_IPAD = NO;
				SWIFT_EMIT_LOC_STRINGS = YES;
				SWIFT_VERSION = 5.0;
			};
			name = Release;
		};
/* End XCBuildConfiguration section */

/* Begin XCConfigurationList section */
		3FC257282887D9230034E30C /* Build configuration list for PBXProject "ketchup" */ = {
			isa = XCConfigurationList;
			buildConfigurations = (
				3FC257392887D9250034E30C /* Debug */,
				3FC2573A2887D9250034E30C /* Release */,
			);
			defaultConfigurationIsVisible = 0;
			defaultConfigurationName = Release;
		};
		3FC2573B2887D9250034E30C /* Build configuration list for PBXNativeTarget "ketchup" */ = {
			isa = XCConfigurationList;
			buildConfigurations = (
				3FC2573C2887D9250034E30C /* Debug */,
				3FC2573D2887D9250034E30C /* Release */,
			);
			defaultConfigurationIsVisible = 0;
			defaultConfigurationName = Release;
		};
/* End XCConfigurationList section */
	};
	rootObject = 3FC257252887D9230034E30C /* Project object */;
}
